
Microsoft Visual Studio Solution File, Format Version 12.00
# Visual Studio Version 17
VisualStudioVersion = 17.3.32819.101
MinimumVisualStudioVersion = 10.0.40219.1
Project("{FAE04EC0-301F-11D3-BF4B-00C04F79EFBC}") = "Final Project", "Final Project\Final Project.csproj", "{088C70CF-86E5-4216-BB7D-9D5E31997917}"
EndProject
Global
	GlobalSection(SolutionConfigurationPlatforms) = preSolution
		Debug|Any CPU = Debug|Any CPU
		Release|Any CPU = Release|Any CPU
	EndGlobalSection
	GlobalSection(ProjectConfigurationPlatforms) = postSolution
		{088C70CF-86E5-4216-BB7D-9D5E31997917}.Debug|Any CPU.ActiveCfg = Debug|Any CPU
		{088C70CF-86E5-4216-BB7D-9D5E31997917}.Debug|Any CPU.Build.0 = Debug|Any CPU
		{088C70CF-86E5-4216-BB7D-9D5E31997917}.Release|Any CPU.ActiveCfg = Release|Any CPU
		{088C70CF-86E5-4216-BB7D-9D5E31997917}.Release|Any CPU.Build.0 = Release|Any CPU
	EndGlobalSection
	GlobalSection(SolutionProperties) = preSolution
		HideSolutionNode = FALSE
	EndGlobalSection
	GlobalSection(ExtensibilityGlobals) = postSolution
		SolutionGuid = {A65DCC3F-9AD8-4EE3-BFE0-35AC9475EF2E}
	EndGlobalSection
EndGlobal
